{
  "nodes": {
    "darwin": {
      "inputs": {
        "nixpkgs": [
          "nixos-configs",
          "nixpkgs"
        ]
      },
      "locked": {
        "lastModified": 1700795494,
        "narHash": "sha256-gzGLZSiOhf155FW7262kdHo2YDeugp3VuIFb4/GGng0=",
        "owner": "LnL7",
        "repo": "nix-darwin",
        "rev": "4b9b83d5a92e8c1fbfd8eb27eda375908c11ec4d",
        "type": "github"
      },
      "original": {
        "owner": "LnL7",
        "ref": "master",
        "repo": "nix-darwin",
        "type": "github"
      }
    },
    "fish-flake": {
      "inputs": {
        "flake-utils": "flake-utils_3",
        "nixpkgs": [
          "nixos-configs",
          "myFlakes",
          "nixpkgs"
        ]
      },
      "locked": {
        "lastModified": 1,
        "narHash": "sha256-oyuWD+fCnLNxdlh84gejJS8UCOlWgp5kXDWNBNwPMBQ=",
        "path": "/nix/store/31bciwp0npgk056sg7n7x1jhwvn8qmry-source/fish",
        "type": "path"
      },
      "original": {
        "path": "/nix/store/31bciwp0npgk056sg7n7x1jhwvn8qmry-source/fish",
        "type": "path"
      }
    },
    "flake-compat": {
      "flake": false,
      "locked": {
        "lastModified": 1673956053,
        "narHash": "sha256-4gtG9iQuiKITOjNQQeQIpoIB6b16fm+504Ch3sNKLd8=",
        "owner": "edolstra",
        "repo": "flake-compat",
        "rev": "35bb57c0c8d8b62bbfd284272c928ceb64ddbde9",
        "type": "github"
      },
      "original": {
        "owner": "edolstra",
        "repo": "flake-compat",
        "type": "github"
      }
    },
    "flake-compat_2": {
      "flake": false,
      "locked": {
        "lastModified": 1673956053,
        "narHash": "sha256-4gtG9iQuiKITOjNQQeQIpoIB6b16fm+504Ch3sNKLd8=",
        "owner": "edolstra",
        "repo": "flake-compat",
        "rev": "35bb57c0c8d8b62bbfd284272c928ceb64ddbde9",
        "type": "github"
      },
      "original": {
        "owner": "edolstra",
        "repo": "flake-compat",
        "type": "github"
      }
    },
    "flake-compat_3": {
      "locked": {
        "lastModified": 1688025799,
        "narHash": "sha256-ktpB4dRtnksm9F5WawoIkEneh1nrEvuxb5lJFt1iOyw=",
        "owner": "nix-community",
        "repo": "flake-compat",
        "rev": "8bf105319d44f6b9f0d764efa4fdef9f1cc9ba1c",
        "type": "github"
      },
      "original": {
        "owner": "nix-community",
        "repo": "flake-compat",
        "type": "github"
      }
    },
    "flake-compat_4": {
      "flake": false,
      "locked": {
        "lastModified": 1696426674,
        "narHash": "sha256-kvjfFW7WAETZlt09AgDn1MrtKzP7t90Vf7vypd3OL1U=",
        "owner": "edolstra",
        "repo": "flake-compat",
        "rev": "0f9255e01c2351cc7d116c072cb317785dd33b33",
        "type": "github"
      },
      "original": {
        "owner": "edolstra",
        "repo": "flake-compat",
        "type": "github"
      }
    },
    "flake-utils": {
      "inputs": {
        "systems": "systems"
      },
      "locked": {
        "lastModified": 1701680307,
        "narHash": "sha256-kAuep2h5ajznlPMD9rnQyffWG8EM/C73lejGofXvdM8=",
        "owner": "numtide",
        "repo": "flake-utils",
        "rev": "4022d587cbbfd70fe950c1e2083a02621806a725",
        "type": "github"
      },
      "original": {
        "owner": "numtide",
        "repo": "flake-utils",
        "type": "github"
      }
    },
    "flake-utils_10": {
      "inputs": {
        "systems": "systems_10"
      },
      "locked": {
        "lastModified": 1694529238,
        "narHash": "sha256-zsNZZGTGnMOf9YpHKJqMSsa0dXbfmxeoJ7xHlrt+xmY=",
        "owner": "numtide",
        "repo": "flake-utils",
        "rev": "ff7b65b44d01cf9ba6a71320833626af21126384",
        "type": "github"
      },
      "original": {
        "owner": "numtide",
        "repo": "flake-utils",
        "type": "github"
      }
    },
    "flake-utils_11": {
      "inputs": {
        "systems": "systems_11"
      },
      "locked": {
        "lastModified": 1681202837,
        "narHash": "sha256-H+Rh19JDwRtpVPAWp64F+rlEtxUWBAQW28eAi3SRSzg=",
        "owner": "numtide",
        "repo": "flake-utils",
        "rev": "cfacdce06f30d2b68473a46042957675eebb3401",
        "type": "github"
      },
      "original": {
        "owner": "numtide",
        "repo": "flake-utils",
        "type": "github"
      }
    },
    "flake-utils_12": {
      "inputs": {
        "systems": "systems_12"
      },
      "locked": {
        "lastModified": 1689068808,
        "narHash": "sha256-6ixXo3wt24N/melDWjq70UuHQLxGV8jZvooRanIHXw0=",
        "owner": "numtide",
        "repo": "flake-utils",
        "rev": "919d646de7be200f3bf08cb76ae1f09402b6f9b4",
        "type": "github"
      },
      "original": {
        "owner": "numtide",
        "repo": "flake-utils",
        "type": "github"
      }
    },
    "flake-utils_13": {
      "inputs": {
        "systems": "systems_13"
      },
      "locked": {
        "lastModified": 1689068808,
        "narHash": "sha256-6ixXo3wt24N/melDWjq70UuHQLxGV8jZvooRanIHXw0=",
        "owner": "numtide",
        "repo": "flake-utils",
        "rev": "919d646de7be200f3bf08cb76ae1f09402b6f9b4",
        "type": "github"
      },
      "original": {
        "owner": "numtide",
        "repo": "flake-utils",
        "type": "github"
      }
    },
    "flake-utils_14": {
      "inputs": {
        "systems": "systems_14"
      },
      "locked": {
        "lastModified": 1681202837,
        "narHash": "sha256-H+Rh19JDwRtpVPAWp64F+rlEtxUWBAQW28eAi3SRSzg=",
        "owner": "numtide",
        "repo": "flake-utils",
        "rev": "cfacdce06f30d2b68473a46042957675eebb3401",
        "type": "github"
      },
      "original": {
        "owner": "numtide",
        "repo": "flake-utils",
        "type": "github"
      }
    },
    "flake-utils_15": {
      "inputs": {
        "systems": "systems_15"
      },
      "locked": {
        "lastModified": 1694529238,
        "narHash": "sha256-zsNZZGTGnMOf9YpHKJqMSsa0dXbfmxeoJ7xHlrt+xmY=",
        "owner": "numtide",
        "repo": "flake-utils",
        "rev": "ff7b65b44d01cf9ba6a71320833626af21126384",
        "type": "github"
      },
      "original": {
        "owner": "numtide",
        "repo": "flake-utils",
        "type": "github"
      }
    },
    "flake-utils_16": {
      "locked": {
        "lastModified": 1659877975,
        "narHash": "sha256-zllb8aq3YO3h8B/U0/J1WBgAL8EX5yWf5pMj3G0NAmc=",
        "owner": "numtide",
        "repo": "flake-utils",
        "rev": "c0e246b9b83f637f4681389ecabcb2681b4f3af0",
        "type": "github"
      },
      "original": {
        "owner": "numtide",
        "repo": "flake-utils",
        "type": "github"
      }
    },
    "flake-utils_17": {
      "inputs": {
        "systems": "systems_16"
      },
      "locked": {
        "lastModified": 1694529238,
        "narHash": "sha256-zsNZZGTGnMOf9YpHKJqMSsa0dXbfmxeoJ7xHlrt+xmY=",
        "owner": "numtide",
        "repo": "flake-utils",
        "rev": "ff7b65b44d01cf9ba6a71320833626af21126384",
        "type": "github"
      },
      "original": {
        "owner": "numtide",
        "repo": "flake-utils",
        "type": "github"
      }
    },
    "flake-utils_18": {
      "inputs": {
        "systems": "systems_17"
      },
      "locked": {
        "lastModified": 1692799911,
        "narHash": "sha256-3eihraek4qL744EvQXsK1Ha6C3CR7nnT8X2qWap4RNk=",
        "owner": "numtide",
        "repo": "flake-utils",
        "rev": "f9e7cf818399d17d347f847525c5a5a8032e4e44",
        "type": "github"
      },
      "original": {
        "owner": "numtide",
        "repo": "flake-utils",
        "type": "github"
      }
    },
    "flake-utils_2": {
      "inputs": {
        "systems": "systems_2"
      },
      "locked": {
        "lastModified": 1694529238,
        "narHash": "sha256-zsNZZGTGnMOf9YpHKJqMSsa0dXbfmxeoJ7xHlrt+xmY=",
        "owner": "numtide",
        "repo": "flake-utils",
        "rev": "ff7b65b44d01cf9ba6a71320833626af21126384",
        "type": "github"
      },
      "original": {
        "id": "flake-utils",
        "type": "indirect"
      }
    },
    "flake-utils_3": {
      "inputs": {
        "systems": "systems_3"
      },
      "locked": {
        "lastModified": 1694529238,
        "narHash": "sha256-zsNZZGTGnMOf9YpHKJqMSsa0dXbfmxeoJ7xHlrt+xmY=",
        "owner": "numtide",
        "repo": "flake-utils",
        "rev": "ff7b65b44d01cf9ba6a71320833626af21126384",
        "type": "github"
      },
      "original": {
        "owner": "numtide",
        "repo": "flake-utils",
        "type": "github"
      }
    },
    "flake-utils_4": {
      "inputs": {
        "systems": "systems_4"
      },
      "locked": {
        "lastModified": 1694529238,
        "narHash": "sha256-zsNZZGTGnMOf9YpHKJqMSsa0dXbfmxeoJ7xHlrt+xmY=",
        "owner": "numtide",
        "repo": "flake-utils",
        "rev": "ff7b65b44d01cf9ba6a71320833626af21126384",
        "type": "github"
      },
      "original": {
        "owner": "numtide",
        "repo": "flake-utils",
        "type": "github"
      }
    },
    "flake-utils_5": {
      "inputs": {
        "systems": "systems_5"
      },
      "locked": {
        "lastModified": 1694529238,
        "narHash": "sha256-zsNZZGTGnMOf9YpHKJqMSsa0dXbfmxeoJ7xHlrt+xmY=",
        "owner": "numtide",
        "repo": "flake-utils",
        "rev": "ff7b65b44d01cf9ba6a71320833626af21126384",
        "type": "github"
      },
      "original": {
        "owner": "numtide",
        "repo": "flake-utils",
        "type": "github"
      }
    },
    "flake-utils_6": {
      "inputs": {
        "systems": "systems_6"
      },
      "locked": {
        "lastModified": 1694529238,
        "narHash": "sha256-zsNZZGTGnMOf9YpHKJqMSsa0dXbfmxeoJ7xHlrt+xmY=",
        "owner": "numtide",
        "repo": "flake-utils",
        "rev": "ff7b65b44d01cf9ba6a71320833626af21126384",
        "type": "github"
      },
      "original": {
        "owner": "numtide",
        "repo": "flake-utils",
        "type": "github"
      }
    },
    "flake-utils_7": {
      "inputs": {
        "systems": "systems_7"
      },
      "locked": {
        "lastModified": 1694529238,
        "narHash": "sha256-zsNZZGTGnMOf9YpHKJqMSsa0dXbfmxeoJ7xHlrt+xmY=",
        "owner": "numtide",
        "repo": "flake-utils",
        "rev": "ff7b65b44d01cf9ba6a71320833626af21126384",
        "type": "github"
      },
      "original": {
        "owner": "numtide",
        "repo": "flake-utils",
        "type": "github"
      }
    },
    "flake-utils_8": {
      "inputs": {
        "systems": "systems_8"
      },
      "locked": {
        "lastModified": 1694529238,
        "narHash": "sha256-zsNZZGTGnMOf9YpHKJqMSsa0dXbfmxeoJ7xHlrt+xmY=",
        "owner": "numtide",
        "repo": "flake-utils",
        "rev": "ff7b65b44d01cf9ba6a71320833626af21126384",
        "type": "github"
      },
      "original": {
        "owner": "numtide",
        "repo": "flake-utils",
        "type": "github"
      }
    },
    "flake-utils_9": {
      "inputs": {
        "systems": "systems_9"
      },
      "locked": {
        "lastModified": 1694529238,
        "narHash": "sha256-zsNZZGTGnMOf9YpHKJqMSsa0dXbfmxeoJ7xHlrt+xmY=",
        "owner": "numtide",
        "repo": "flake-utils",
        "rev": "ff7b65b44d01cf9ba6a71320833626af21126384",
        "type": "github"
      },
      "original": {
        "owner": "numtide",
        "repo": "flake-utils",
        "type": "github"
      }
    },
    "git-flake": {
      "inputs": {
        "flake-utils": "flake-utils_5",
        "nixpkgs": [
          "nixos-configs",
          "myFlakes",
          "nixpkgs"
        ],
        "vim-flake": [
          "nixos-configs",
          "myFlakes",
          "vim-flake"
        ]
      },
      "locked": {
        "lastModified": 1,
        "narHash": "sha256-YWC7ZQlkHSY7aiFak3HeZnp7rqf6tFgZCqGIe4gcGic=",
        "path": "/nix/store/31bciwp0npgk056sg7n7x1jhwvn8qmry-source/git",
        "type": "path"
      },
      "original": {
        "path": "/nix/store/31bciwp0npgk056sg7n7x1jhwvn8qmry-source/git",
        "type": "path"
      }
    },
    "home-manager": {
      "inputs": {
        "nixpkgs": [
          "nixos-configs",
          "nixpkgs"
        ]
      },
      "locked": {
        "lastModified": 1701071203,
        "narHash": "sha256-lQywA7QU/vzTdZ1apI0PfgCWNyQobXUYghVrR5zuIeM=",
        "owner": "nix-community",
        "repo": "home-manager",
        "rev": "db1878f013b52ba5e4034db7c1b63e8d04173a86",
        "type": "github"
      },
      "original": {
        "owner": "nix-community",
        "repo": "home-manager",
        "type": "github"
      }
    },
    "jetporch-nixpkgs": {
      "locked": {
        "lastModified": 1697823709,
        "narHash": "sha256-lFN2+ljvfjbwZ9TV7uOBMOvGkFGNz6tN7iTriY4CUUI=",
        "owner": "heywoodlh",
        "repo": "nixpkgs",
        "rev": "e50000dbd6dccc6550bd38fba9fdd52210fe5338",
        "type": "github"
      },
      "original": {
        "owner": "heywoodlh",
        "ref": "jetporch-init",
        "repo": "nixpkgs",
        "type": "github"
      }
    },
    "jovian-nixos": {
      "flake": false,
      "locked": {
        "lastModified": 1700979728,
        "narHash": "sha256-Myh4f+pXVDPrxw96K1czQZJv6fqZVdaXkzyyyR+H9ro=",
        "ref": "development",
        "rev": "4599d9edef37dec460cc08e85da6c699ac0d78fd",
        "revCount": 531,
        "type": "git",
        "url": "https://github.com/Jovian-Experiments/Jovian-NixOS"
      },
      "original": {
        "ref": "development",
        "type": "git",
        "url": "https://github.com/Jovian-Experiments/Jovian-NixOS"
      }
    },
    "myFlakes": {
      "inputs": {
        "fish-flake": "fish-flake",
        "flake-utils": "flake-utils_4",
        "git-flake": "git-flake",
        "nixpkgs": "nixpkgs",
        "nushell-flake": "nushell-flake",
        "st-flake": "st-flake",
        "tmux-flake": "tmux-flake",
        "vim-flake": "vim-flake",
        "vscode-flake": "vscode-flake",
        "wezterm-flake": "wezterm-flake"
      },
      "locked": {
        "lastModified": 1701136385,
        "narHash": "sha256-B32pu9oo9yoP/DHvTL2Q4GUCer3DaocLh/TIt3yKZHw=",
        "owner": "heywoodlh",
        "repo": "flakes",
        "rev": "338edebdea8e409d8af969ee21337cb9d289e97d",
        "type": "github"
      },
      "original": {
        "owner": "heywoodlh",
        "repo": "flakes",
        "type": "github"
      }
    },
    "nix-utils": {
      "inputs": {
        "flake-utils": "flake-utils_13",
        "nixpkgs": "nixpkgs_4"
      },
      "locked": {
        "lastModified": 1690580967,
        "narHash": "sha256-tine+syWflFrhDf0N9hvUGuUqFjCQmSOUBn5KkVRip0=",
        "owner": "kylesferrazza",
        "repo": "nix-utils",
        "rev": "3a895108b68d498aeab074c029b8476a98fb1221",
        "type": "gitlab"
      },
      "original": {
        "owner": "kylesferrazza",
        "repo": "nix-utils",
        "type": "gitlab"
      }
    },
    "nix-vscode-extensions": {
      "inputs": {
        "flake-compat": "flake-compat",
        "flake-utils": "flake-utils_11",
        "nixpkgs": "nixpkgs_3"
      },
      "locked": {
        "lastModified": 1700616109,
        "narHash": "sha256-RtcYmcqzS1sWAw4q85YiOxEsPL4yo0EhGJIUatExh1A=",
        "owner": "nix-community",
        "repo": "nix-vscode-extensions",
        "rev": "744feda10f39afb587354bb98d04415662b57236",
        "type": "github"
      },
      "original": {
        "owner": "nix-community",
        "repo": "nix-vscode-extensions",
        "type": "github"
      }
    },
    "nix-vscode-extensions_2": {
      "inputs": {
        "flake-compat": "flake-compat_2",
        "flake-utils": "flake-utils_14",
        "nixpkgs": "nixpkgs_5"
      },
      "locked": {
        "lastModified": 1690507807,
        "narHash": "sha256-B6SGiKX+7J76zAvUPbKABlYaxhb5sBBjjyHyStVzuXc=",
        "owner": "nix-community",
        "repo": "nix-vscode-extensions",
        "rev": "9ca8239be3719292cd3fb566f4fc8dc8299f380d",
        "type": "github"
      },
      "original": {
        "owner": "nix-community",
        "repo": "nix-vscode-extensions",
        "type": "github"
      }
    },
    "nixgl": {
      "inputs": {
        "flake-utils": "flake-utils_16",
        "nixpkgs": "nixpkgs_6"
      },
      "locked": {
        "lastModified": 1685908677,
        "narHash": "sha256-E4zUPEUFyVWjVm45zICaHRpfGepfkE9Z2OECV9HXfA4=",
        "owner": "nix-community",
        "repo": "nixGL",
        "rev": "489d6b095ab9d289fe11af0219a9ff00fe87c7c5",
        "type": "github"
      },
      "original": {
        "owner": "nix-community",
        "repo": "nixGL",
        "type": "github"
      }
    },
    "nixos-apple-silicon": {
      "inputs": {
        "flake-compat": "flake-compat_3",
        "nixpkgs": "nixpkgs_7",
        "rust-overlay": "rust-overlay"
      },
      "locked": {
        "lastModified": 1700436815,
        "narHash": "sha256-+txRDmFuI/dW/ZmacfDrqSsKiWTNLmRygej25u2ojNM=",
        "owner": "tpwrules",
        "repo": "nixos-apple-silicon",
        "rev": "14b327ca47703c376ebb82ba16dc42ca2baa57d8",
        "type": "github"
      },
      "original": {
        "owner": "tpwrules",
        "ref": "main",
        "repo": "nixos-apple-silicon",
        "type": "github"
      }
    },
    "nixos-configs": {
      "inputs": {
        "darwin": "darwin",
        "flake-utils": "flake-utils_2",
        "home-manager": "home-manager",
        "jovian-nixos": "jovian-nixos",
        "myFlakes": "myFlakes",
        "nixos-apple-silicon": "nixos-apple-silicon",
        "nixos-hardware": "nixos-hardware",
        "nixos-wsl": "nixos-wsl",
        "nixpkgs": "nixpkgs_9",
        "nixpkgs-backports": "nixpkgs-backports",
        "nixpkgs-lts": "nixpkgs-lts",
        "nur": "nur",
        "osquery-fix-nixpkgs": "osquery-fix-nixpkgs",
        "spicetify": "spicetify",
        "ssh-keys": "ssh-keys"
      },
      "locked": {
        "lastModified": 1702064556,
        "narHash": "sha256-2gMg6esDDcAgzzYV+1/S6scHg1HN6ZsayMIdd4Y71u4=",
        "owner": "heywoodlh",
        "repo": "nixos-configs",
        "rev": "ec438819db2837c4f87aeb23700031c48978d109",
        "type": "github"
      },
      "original": {
        "owner": "heywoodlh",
        "repo": "nixos-configs",
        "type": "github"
      }
    },
    "nixos-hardware": {
      "locked": {
        "lastModified": 1701020860,
        "narHash": "sha256-NwnRn04C8s+hH+KdVtGmVB1FFNIG7DtPJmQSCBDaET4=",
        "owner": "NixOS",
        "repo": "nixos-hardware",
        "rev": "b006ec52fce23b1d57f6ab4a42d7400732e9a0a2",
        "type": "github"
      },
      "original": {
        "owner": "NixOS",
        "ref": "master",
        "repo": "nixos-hardware",
        "type": "github"
      }
    },
    "nixos-wsl": {
      "inputs": {
        "flake-compat": "flake-compat_4",
        "flake-utils": "flake-utils_17",
        "nixpkgs": "nixpkgs_8"
      },
      "locked": {
        "lastModified": 1701180944,
        "narHash": "sha256-trdDWPG5iuI07rEkmiGhmKs38bxMY6tqj4frB/W+yxE=",
        "owner": "nix-community",
        "repo": "NixOS-WSL",
        "rev": "b4354a924111b7f09ba5a3d1ce38717c7f29a581",
        "type": "github"
      },
      "original": {
        "owner": "nix-community",
        "repo": "NixOS-WSL",
        "type": "github"
      }
    },
    "nixpkgs": {
      "locked": {
        "lastModified": 1700390070,
        "narHash": "sha256-de9KYi8rSJpqvBfNwscWdalIJXPo8NjdIZcEJum1mH0=",
        "owner": "NixOS",
        "repo": "nixpkgs",
        "rev": "e4ad989506ec7d71f7302cc3067abd82730a4beb",
        "type": "github"
      },
      "original": {
        "owner": "NixOS",
        "ref": "nixos-unstable",
        "repo": "nixpkgs",
        "type": "github"
      }
    },
    "nixpkgs-backports": {
      "locked": {
        "lastModified": 1701184375,
        "narHash": "sha256-E8PLzcEMf/1VtRcu+SeJZHtlNrXveBhGoN4AGYxScRE=",
        "owner": "nixos",
        "repo": "nixpkgs",
        "rev": "e922e146779e250fae512da343cfb798c758509d",
        "type": "github"
      },
      "original": {
        "owner": "nixos",
        "ref": "release-23.05",
        "repo": "nixpkgs",
        "type": "github"
      }
    },
    "nixpkgs-lts": {
      "locked": {
        "lastModified": 1701436327,
        "narHash": "sha256-tRHbnoNI8SIM5O5xuxOmtSLnswEByzmnQcGGyNRjxsE=",
        "owner": "nixos",
        "repo": "nixpkgs",
        "rev": "91050ea1e57e50388fa87a3302ba12d188ef723a",
        "type": "github"
      },
      "original": {
        "owner": "nixos",
        "ref": "nixos-unstable",
        "repo": "nixpkgs",
        "type": "github"
      }
    },
    "nixpkgs_10": {
      "locked": {
        "lastModified": 1691155369,
        "narHash": "sha256-CIuJO5pgwCMsZM8flIU2OiZ79QfDCesXPsAiokCzlNM=",
        "owner": "NixOS",
        "repo": "nixpkgs",
        "rev": "7d050b98e51cdbdd88ad960152d398d41c7ff5b4",
        "type": "github"
      },
      "original": {
        "id": "nixpkgs",
        "ref": "nixpkgs-unstable",
        "type": "indirect"
      }
    },
    "nixpkgs_11": {
      "locked": {
        "lastModified": 1702064309,
        "narHash": "sha256-HPU6KbLh+9/qGAD4SlTSUZ11ZkLJA1J2tJG6U+dId78=",
        "owner": "NixOS",
        "repo": "nixpkgs",
        "rev": "be4864e86482722a5d7d1a501595419f7b90dde5",
        "type": "github"
      },
      "original": {
        "owner": "NixOS",
        "repo": "nixpkgs",
        "type": "github"
      }
    },
    "nixpkgs_2": {
      "locked": {
        "lastModified": 1698924604,
        "narHash": "sha256-GCFbkl2tj8fEZBZCw3Tc0AkGo0v+YrQlohhEGJ/X4s0=",
        "owner": "NixOS",
        "repo": "nixpkgs",
        "rev": "fa804edfb7869c9fb230e174182a8a1a7e512c40",
        "type": "github"
      },
      "original": {
        "owner": "NixOS",
        "repo": "nixpkgs",
        "rev": "fa804edfb7869c9fb230e174182a8a1a7e512c40",
        "type": "github"
      }
    },
    "nixpkgs_3": {
      "locked": {
        "lastModified": 1684570954,
        "narHash": "sha256-FX5y4Sm87RWwfu9PI71XFvuRpZLowh00FQpIJ1WfXqE=",
        "owner": "NixOS",
        "repo": "nixpkgs",
        "rev": "3005f20ce0aaa58169cdee57c8aa12e5f1b6e1b3",
        "type": "github"
      },
      "original": {
        "owner": "NixOS",
        "ref": "nixos-unstable",
        "repo": "nixpkgs",
        "type": "github"
      }
    },
    "nixpkgs_4": {
      "locked": {
        "lastModified": 1690579790,
        "narHash": "sha256-kxvoATIv0hasQ0ceNG9KdMvGl9cV1EvdHlFWN9aPXC0=",
        "owner": "NixOS",
        "repo": "nixpkgs",
        "rev": "246977b44d77221dbebb0afbeaaa34b70a4c03e4",
        "type": "github"
      },
      "original": {
        "owner": "NixOS",
        "repo": "nixpkgs",
        "type": "github"
      }
    },
    "nixpkgs_5": {
      "locked": {
        "lastModified": 1684570954,
        "narHash": "sha256-FX5y4Sm87RWwfu9PI71XFvuRpZLowh00FQpIJ1WfXqE=",
        "owner": "NixOS",
        "repo": "nixpkgs",
        "rev": "3005f20ce0aaa58169cdee57c8aa12e5f1b6e1b3",
        "type": "github"
      },
      "original": {
        "owner": "NixOS",
        "ref": "nixos-unstable",
        "repo": "nixpkgs",
        "type": "github"
      }
    },
    "nixpkgs_6": {
      "locked": {
        "lastModified": 1660551188,
        "narHash": "sha256-a1LARMMYQ8DPx1BgoI/UN4bXe12hhZkCNqdxNi6uS0g=",
        "owner": "nixos",
        "repo": "nixpkgs",
        "rev": "441dc5d512153039f19ef198e662e4f3dbb9fd65",
        "type": "github"
      },
      "original": {
        "owner": "nixos",
        "repo": "nixpkgs",
        "type": "github"
      }
    },
    "nixpkgs_7": {
      "locked": {
        "lastModified": 1700419998,
        "narHash": "sha256-aXh4adx9x9RlRMSykzR+bY8AOVjcwMEJO1ZeQROwbcE=",
        "owner": "nixos",
        "repo": "nixpkgs",
        "rev": "12a0ade5e458984675b9789a4b260ebabdd2d1ab",
        "type": "github"
      },
      "original": {
        "owner": "nixos",
        "repo": "nixpkgs",
        "rev": "12a0ade5e458984675b9789a4b260ebabdd2d1ab",
        "type": "github"
      }
    },
    "nixpkgs_8": {
      "locked": {
        "lastModified": 1697851979,
        "narHash": "sha256-lJ8k4qkkwdvi+t/Xc6Fn74kUuobpu9ynPGxNZR6OwoA=",
        "owner": "NixOS",
        "repo": "nixpkgs",
        "rev": "5550a85a087c04ddcace7f892b0bdc9d8bb080c8",
        "type": "github"
      },
      "original": {
        "owner": "NixOS",
        "ref": "nixos-23.05",
        "repo": "nixpkgs",
        "type": "github"
      }
    },
    "nixpkgs_9": {
      "locked": {
        "lastModified": 1700794826,
        "narHash": "sha256-RyJTnTNKhO0yqRpDISk03I/4A67/dp96YRxc86YOPgU=",
        "owner": "nixos",
        "repo": "nixpkgs",
        "rev": "5a09cb4b393d58f9ed0d9ca1555016a8543c2ac8",
        "type": "github"
      },
      "original": {
        "owner": "nixos",
        "ref": "nixos-unstable",
        "repo": "nixpkgs",
        "type": "github"
      }
    },
    "nur": {
      "locked": {
        "lastModified": 1701182739,
        "narHash": "sha256-c9LoBbrjli7d3w1JFhkudIZnnoLY+n243+wLML2Ik14=",
        "owner": "nix-community",
        "repo": "NUR",
        "rev": "30497442f7f899f6e24bb4bad34414eb8475ac32",
        "type": "github"
      },
      "original": {
        "owner": "nix-community",
        "repo": "NUR",
        "type": "github"
      }
    },
    "nushell-flake": {
      "inputs": {
        "flake-utils": "flake-utils_6",
        "nixpkgs": [
          "nixos-configs",
          "myFlakes",
          "nixpkgs"
        ]
      },
      "locked": {
        "lastModified": 1,
        "narHash": "sha256-C3sxepteL7hvM9q3XMD0wW/GKobf7p1vsXMQzilVba0=",
        "path": "/nix/store/31bciwp0npgk056sg7n7x1jhwvn8qmry-source/nushell",
        "type": "path"
      },
      "original": {
        "path": "/nix/store/31bciwp0npgk056sg7n7x1jhwvn8qmry-source/nushell",
        "type": "path"
      }
    },
    "osquery-fix-nixpkgs": {
      "locked": {
        "lastModified": 1690997355,
        "narHash": "sha256-JgriPhM8Fd0Ed8Yu5irnXno6BlIaeG9sWkVwRTPhFA4=",
        "owner": "nixos",
        "repo": "nixpkgs",
        "rev": "e4235192047a058776b3680f559579bf885881da",
        "type": "github"
      },
      "original": {
        "owner": "nixos",
        "repo": "nixpkgs",
        "rev": "e4235192047a058776b3680f559579bf885881da",
        "type": "github"
      }
    },
    "root": {
      "inputs": {
        "flake-utils": "flake-utils",
        "jetporch-nixpkgs": "jetporch-nixpkgs",
        "nixos-configs": "nixos-configs",
        "nixpkgs": "nixpkgs_11"
      }
    },
    "rust-overlay": {
      "flake": false,
      "locked": {
        "lastModified": 1686795910,
        "narHash": "sha256-jDa40qRZ0GRQtP9EMZdf+uCbvzuLnJglTUI2JoHfWDc=",
        "owner": "oxalica",
        "repo": "rust-overlay",
        "rev": "5c2b97c0a9bc5217fc3dfb1555aae0fb756d99f9",
        "type": "github"
      },
      "original": {
        "owner": "oxalica",
        "repo": "rust-overlay",
        "type": "github"
      }
    },
    "spicetify": {
      "inputs": {
        "flake-utils": "flake-utils_18",
        "nixpkgs": "nixpkgs_10",
        "spicetify-themes": "spicetify-themes",
        "spicetify-themes-alindl": "spicetify-themes-alindl"
      },
      "locked": {
        "lastModified": 1694188096,
        "narHash": "sha256-EXfJhxdsxnoxuvv1dhPrOafLH5V7Cab6zq+CPoFbBow=",
        "owner": "heywoodlh",
        "repo": "spicetify-nix",
        "rev": "9d4c3e38e822db89e98b40340ce70b368d437d1d",
        "type": "github"
      },
      "original": {
        "owner": "heywoodlh",
        "repo": "spicetify-nix",
        "type": "github"
      }
    },
    "spicetify-themes": {
      "flake": false,
      "locked": {
        "lastModified": 1692252940,
        "narHash": "sha256-fnUINAgBCaklVDR2JsyvnN0ekBJ/sOnUNnKStug2txs=",
        "owner": "spicetify",
        "repo": "spicetify-themes",
        "rev": "7e9e898124c96f115dc61fb91d0499ae81f56892",
        "type": "github"
      },
      "original": {
        "owner": "spicetify",
        "repo": "spicetify-themes",
        "type": "github"
      }
    },
    "spicetify-themes-alindl": {
      "flake": false,
      "locked": {
        "lastModified": 1631272361,
        "narHash": "sha256-nCKERq40oLhYx+FP29Uxpf8v3GIIGyIhYNQNsT6gHmg=",
        "owner": "alindl",
        "repo": "spicetify-themes",
        "rev": "0708f73e83d29004d284ef20b8ac66206ec14911",
        "type": "github"
      },
      "original": {
        "owner": "alindl",
        "repo": "spicetify-themes",
        "type": "github"
      }
    },
    "ssh-keys": {
      "flake": false,
      "locked": {
        "narHash": "sha256-2kY03ISxAE/g+KbrhnNb97pykTrjMsHAIfnsM0bBXDc=",
        "type": "file",
        "url": "https://github.com/heywoodlh.keys"
      },
      "original": {
        "type": "file",
        "url": "https://github.com/heywoodlh.keys"
      }
    },
    "st-flake": {
      "inputs": {
        "flake-utils": "flake-utils_7",
        "nixpkgs": "nixpkgs_2",
        "tmux-flake": [
          "nixos-configs",
          "myFlakes",
          "tmux-flake"
        ]
      },
      "locked": {
        "lastModified": 1,
        "narHash": "sha256-uti8ApOMUeWmJc9BAtacNYPEwjZO0nnOaww6EM6e/E4=",
        "path": "/nix/store/31bciwp0npgk056sg7n7x1jhwvn8qmry-source/st",
        "type": "path"
      },
      "original": {
        "path": "/nix/store/31bciwp0npgk056sg7n7x1jhwvn8qmry-source/st",
        "type": "path"
      }
    },
    "systems": {
      "locked": {
        "lastModified": 1681028828,
        "narHash": "sha256-Vy1rq5AaRuLzOxct8nz4T6wlgyUR7zLU309k9mBC768=",
        "owner": "nix-systems",
        "repo": "default",
        "rev": "da67096a3b9bf56a91d16901293e51ba5b49a27e",
        "type": "github"
      },
      "original": {
        "owner": "nix-systems",
        "repo": "default",
        "type": "github"
      }
    },
    "systems_10": {
      "locked": {
        "lastModified": 1681028828,
        "narHash": "sha256-Vy1rq5AaRuLzOxct8nz4T6wlgyUR7zLU309k9mBC768=",
        "owner": "nix-systems",
        "repo": "default",
        "rev": "da67096a3b9bf56a91d16901293e51ba5b49a27e",
        "type": "github"
      },
      "original": {
        "owner": "nix-systems",
        "repo": "default",
        "type": "github"
      }
    },
    "systems_11": {
      "locked": {
        "lastModified": 1681028828,
        "narHash": "sha256-Vy1rq5AaRuLzOxct8nz4T6wlgyUR7zLU309k9mBC768=",
        "owner": "nix-systems",
        "repo": "default",
        "rev": "da67096a3b9bf56a91d16901293e51ba5b49a27e",
        "type": "github"
      },
      "original": {
        "owner": "nix-systems",
        "repo": "default",
        "type": "github"
      }
    },
    "systems_12": {
      "locked": {
        "lastModified": 1681028828,
        "narHash": "sha256-Vy1rq5AaRuLzOxct8nz4T6wlgyUR7zLU309k9mBC768=",
        "owner": "nix-systems",
        "repo": "default",
        "rev": "da67096a3b9bf56a91d16901293e51ba5b49a27e",
        "type": "github"
      },
      "original": {
        "owner": "nix-systems",
        "repo": "default",
        "type": "github"
      }
    },
    "systems_13": {
      "locked": {
        "lastModified": 1681028828,
        "narHash": "sha256-Vy1rq5AaRuLzOxct8nz4T6wlgyUR7zLU309k9mBC768=",
        "owner": "nix-systems",
        "repo": "default",
        "rev": "da67096a3b9bf56a91d16901293e51ba5b49a27e",
        "type": "github"
      },
      "original": {
        "owner": "nix-systems",
        "repo": "default",
        "type": "github"
      }
    },
    "systems_14": {
      "locked": {
        "lastModified": 1681028828,
        "narHash": "sha256-Vy1rq5AaRuLzOxct8nz4T6wlgyUR7zLU309k9mBC768=",
        "owner": "nix-systems",
        "repo": "default",
        "rev": "da67096a3b9bf56a91d16901293e51ba5b49a27e",
        "type": "github"
      },
      "original": {
        "owner": "nix-systems",
        "repo": "default",
        "type": "github"
      }
    },
    "systems_15": {
      "locked": {
        "lastModified": 1681028828,
        "narHash": "sha256-Vy1rq5AaRuLzOxct8nz4T6wlgyUR7zLU309k9mBC768=",
        "owner": "nix-systems",
        "repo": "default",
        "rev": "da67096a3b9bf56a91d16901293e51ba5b49a27e",
        "type": "github"
      },
      "original": {
        "owner": "nix-systems",
        "repo": "default",
        "type": "github"
      }
    },
    "systems_16": {
      "locked": {
        "lastModified": 1681028828,
        "narHash": "sha256-Vy1rq5AaRuLzOxct8nz4T6wlgyUR7zLU309k9mBC768=",
        "owner": "nix-systems",
        "repo": "default",
        "rev": "da67096a3b9bf56a91d16901293e51ba5b49a27e",
        "type": "github"
      },
      "original": {
        "owner": "nix-systems",
        "repo": "default",
        "type": "github"
      }
    },
    "systems_17": {
      "locked": {
        "lastModified": 1681028828,
        "narHash": "sha256-Vy1rq5AaRuLzOxct8nz4T6wlgyUR7zLU309k9mBC768=",
        "owner": "nix-systems",
        "repo": "default",
        "rev": "da67096a3b9bf56a91d16901293e51ba5b49a27e",
        "type": "github"
      },
      "original": {
        "owner": "nix-systems",
        "repo": "default",
        "type": "github"
      }
    },
    "systems_2": {
      "locked": {
        "lastModified": 1681028828,
        "narHash": "sha256-Vy1rq5AaRuLzOxct8nz4T6wlgyUR7zLU309k9mBC768=",
        "owner": "nix-systems",
        "repo": "default",
        "rev": "da67096a3b9bf56a91d16901293e51ba5b49a27e",
        "type": "github"
      },
      "original": {
        "owner": "nix-systems",
        "repo": "default",
        "type": "github"
      }
    },
    "systems_3": {
      "locked": {
        "lastModified": 1681028828,
        "narHash": "sha256-Vy1rq5AaRuLzOxct8nz4T6wlgyUR7zLU309k9mBC768=",
        "owner": "nix-systems",
        "repo": "default",
        "rev": "da67096a3b9bf56a91d16901293e51ba5b49a27e",
        "type": "github"
      },
      "original": {
        "owner": "nix-systems",
        "repo": "default",
        "type": "github"
      }
    },
    "systems_4": {
      "locked": {
        "lastModified": 1681028828,
        "narHash": "sha256-Vy1rq5AaRuLzOxct8nz4T6wlgyUR7zLU309k9mBC768=",
        "owner": "nix-systems",
        "repo": "default",
        "rev": "da67096a3b9bf56a91d16901293e51ba5b49a27e",
        "type": "github"
      },
      "original": {
        "owner": "nix-systems",
        "repo": "default",
        "type": "github"
      }
    },
    "systems_5": {
      "locked": {
        "lastModified": 1681028828,
        "narHash": "sha256-Vy1rq5AaRuLzOxct8nz4T6wlgyUR7zLU309k9mBC768=",
        "owner": "nix-systems",
        "repo": "default",
        "rev": "da67096a3b9bf56a91d16901293e51ba5b49a27e",
        "type": "github"
      },
      "original": {
        "owner": "nix-systems",
        "repo": "default",
        "type": "github"
      }
    },
    "systems_6": {
      "locked": {
        "lastModified": 1681028828,
        "narHash": "sha256-Vy1rq5AaRuLzOxct8nz4T6wlgyUR7zLU309k9mBC768=",
        "owner": "nix-systems",
        "repo": "default",
        "rev": "da67096a3b9bf56a91d16901293e51ba5b49a27e",
        "type": "github"
      },
      "original": {
        "owner": "nix-systems",
        "repo": "default",
        "type": "github"
      }
    },
    "systems_7": {
      "locked": {
        "lastModified": 1681028828,
        "narHash": "sha256-Vy1rq5AaRuLzOxct8nz4T6wlgyUR7zLU309k9mBC768=",
        "owner": "nix-systems",
        "repo": "default",
        "rev": "da67096a3b9bf56a91d16901293e51ba5b49a27e",
        "type": "github"
      },
      "original": {
        "owner": "nix-systems",
        "repo": "default",
        "type": "github"
      }
    },
    "systems_8": {
      "locked": {
        "lastModified": 1681028828,
        "narHash": "sha256-Vy1rq5AaRuLzOxct8nz4T6wlgyUR7zLU309k9mBC768=",
        "owner": "nix-systems",
        "repo": "default",
        "rev": "da67096a3b9bf56a91d16901293e51ba5b49a27e",
        "type": "github"
      },
      "original": {
        "owner": "nix-systems",
        "repo": "default",
        "type": "github"
      }
    },
    "systems_9": {
      "locked": {
        "lastModified": 1681028828,
        "narHash": "sha256-Vy1rq5AaRuLzOxct8nz4T6wlgyUR7zLU309k9mBC768=",
        "owner": "nix-systems",
        "repo": "default",
        "rev": "da67096a3b9bf56a91d16901293e51ba5b49a27e",
        "type": "github"
      },
      "original": {
        "owner": "nix-systems",
        "repo": "default",
        "type": "github"
      }
    },
    "tmux-flake": {
      "inputs": {
        "fish-flake": [
          "nixos-configs",
          "myFlakes",
          "fish-flake"
        ],
        "flake-utils": "flake-utils_8",
        "nixpkgs": [
          "nixos-configs",
          "myFlakes",
          "nixpkgs"
        ]
      },
      "locked": {
        "lastModified": 1,
        "narHash": "sha256-IuuWwS30A2Ok51joBl04b9iy5M2RAG13hcWAd+kWhmQ=",
        "path": "/nix/store/31bciwp0npgk056sg7n7x1jhwvn8qmry-source/tmux",
        "type": "path"
      },
      "original": {
        "path": "/nix/store/31bciwp0npgk056sg7n7x1jhwvn8qmry-source/tmux",
        "type": "path"
      }
    },
    "vim-flake": {
      "inputs": {
        "fish-flake": [
          "nixos-configs",
          "myFlakes",
          "fish-flake"
        ],
        "flake-utils": "flake-utils_9",
        "nixpkgs": [
          "nixos-configs",
          "myFlakes",
          "nixpkgs"
        ]
      },
      "locked": {
        "lastModified": 1,
        "narHash": "sha256-x4jjCZ26Yn0zAMUXz430HrM8tV/Im9e5cAa3MNRjOJM=",
        "path": "/nix/store/31bciwp0npgk056sg7n7x1jhwvn8qmry-source/vim",
        "type": "path"
      },
      "original": {
        "path": "/nix/store/31bciwp0npgk056sg7n7x1jhwvn8qmry-source/vim",
        "type": "path"
      }
    },
    "vscode-config": {
      "inputs": {
        "flake-utils": "flake-utils_12",
        "nix-utils": "nix-utils",
        "nix-vscode-extensions": "nix-vscode-extensions_2",
        "nixpkgs": [
          "nixos-configs",
          "myFlakes",
          "vscode-flake",
          "nixpkgs"
        ]
      },
      "locked": {
        "lastModified": 1690581091,
        "narHash": "sha256-UkUVA+mkr7Fs5QXhEXf+bHZkHUc9eldAa1X8GFYbbx0=",
        "owner": "kylesferrazza",
        "repo": "vscode-config",
        "rev": "343878b7eec5f10feff30ae1f8c289c449bfe5cb",
        "type": "gitlab"
      },
      "original": {
        "owner": "kylesferrazza",
        "repo": "vscode-config",
        "type": "gitlab"
      }
    },
    "vscode-flake": {
      "inputs": {
        "flake-utils": "flake-utils_10",
        "nix-vscode-extensions": "nix-vscode-extensions",
        "nixpkgs": [
          "nixos-configs",
          "myFlakes",
          "nixpkgs"
        ],
        "vscode-config": "vscode-config"
      },
      "locked": {
        "lastModified": 1,
        "narHash": "sha256-AneFOJsWd9eTic+YyaU6C6frlNuaA9dYIBrqPJYhmpA=",
        "path": "/nix/store/31bciwp0npgk056sg7n7x1jhwvn8qmry-source/vscode",
        "type": "path"
      },
      "original": {
        "path": "/nix/store/31bciwp0npgk056sg7n7x1jhwvn8qmry-source/vscode",
        "type": "path"
      }
    },
    "wezterm-flake": {
      "inputs": {
        "flake-utils": "flake-utils_15",
        "nixgl": "nixgl",
        "nixpkgs": [
          "nixos-configs",
          "myFlakes",
          "nixpkgs"
        ],
        "tmux-flake": [
          "nixos-configs",
          "myFlakes",
          "tmux-flake"
        ]
      },
      "locked": {
        "lastModified": 1,
        "narHash": "sha256-naMwqVot8kvc9TFCj/3l9l5+J+GGeBr6IUdFGSiPywg=",
        "path": "/nix/store/31bciwp0npgk056sg7n7x1jhwvn8qmry-source/wezterm",
        "type": "path"
      },
      "original": {
        "path": "/nix/store/31bciwp0npgk056sg7n7x1jhwvn8qmry-source/wezterm",
        "type": "path"
      }
    }
  },
  "root": "root",
  "version": 7
}
