{
  "nodes": {
    "darwin": {
      "inputs": {
        "nixpkgs": [
          "nixos-configs",
          "nixpkgs"
        ]
      },
      "locked": {
        "lastModified": 1694497842,
        "narHash": "sha256-z03v/m0OwcLBok97KcUgMl8ZFw5Xwsi2z+n6nL7JdXY=",
        "owner": "LnL7",
        "repo": "nix-darwin",
        "rev": "4496ab26628c5f43d2a5c577a06683c753e32fe2",
        "type": "github"
      },
      "original": {
        "owner": "LnL7",
        "ref": "master",
        "repo": "nix-darwin",
        "type": "github"
      }
    },
    "deploy-rs": {
      "inputs": {
        "flake-compat": "flake-compat",
        "nixpkgs": "nixpkgs",
        "utils": "utils"
      },
      "locked": {
        "lastModified": 1694513707,
        "narHash": "sha256-wE5kHco3+FQjc+MwTPwLVqYz4hM7uno2CgXDXUFMCpc=",
        "owner": "serokell",
        "repo": "deploy-rs",
        "rev": "31c32fb2959103a796e07bbe47e0a5e287c343a8",
        "type": "github"
      },
      "original": {
        "owner": "serokell",
        "repo": "deploy-rs",
        "type": "github"
      }
    },
    "fish-configs": {
      "inputs": {
        "flake-utils": "flake-utils",
        "nixpkgs": "nixpkgs_2"
      },
      "locked": {
        "dir": "fish",
        "lastModified": 1694570009,
        "narHash": "sha256-/llfi3qDcxJbuyUm3/+5k8tUKf90ndnQHBjX6hhTaZw=",
        "owner": "heywoodlh",
        "repo": "flakes",
        "rev": "282d38393cceb0a877e3173df7ae7e72903dee07",
        "type": "github"
      },
      "original": {
        "dir": "fish",
        "owner": "heywoodlh",
        "ref": "main",
        "repo": "flakes",
        "type": "github"
      }
    },
    "fish-configs_2": {
      "inputs": {
        "flake-utils": "flake-utils_7",
        "nixpkgs": "nixpkgs_9"
      },
      "locked": {
        "dir": "fish",
        "lastModified": 1694569557,
        "narHash": "sha256-EKFb5ssyh/nDhgTVQgGGftp5Uf4IrWJNTH9tm6VS1EY=",
        "owner": "heywoodlh",
        "repo": "flakes",
        "rev": "e82e1dbea5e751b6a6c80fac41a7ffea6c06b641",
        "type": "github"
      },
      "original": {
        "dir": "fish",
        "owner": "heywoodlh",
        "repo": "flakes",
        "type": "github"
      }
    },
    "fish-configs_3": {
      "inputs": {
        "flake-utils": "flake-utils_9",
        "nixpkgs": "nixpkgs_11"
      },
      "locked": {
        "dir": "fish",
        "lastModified": 1694569770,
        "narHash": "sha256-cVnR7vwrI+MOPtSZ+1MAC+v/+1WGuIQkdd3BKJXactk=",
        "owner": "heywoodlh",
        "repo": "flakes",
        "rev": "195a010b096c3cb7d7ed5d6022d51bdfe2e6195c",
        "type": "github"
      },
      "original": {
        "dir": "fish",
        "owner": "heywoodlh",
        "repo": "flakes",
        "type": "github"
      }
    },
    "flake-compat": {
      "flake": false,
      "locked": {
        "lastModified": 1668681692,
        "narHash": "sha256-Ht91NGdewz8IQLtWZ9LCeNXMSXHUss+9COoqu6JLmXU=",
        "owner": "edolstra",
        "repo": "flake-compat",
        "rev": "009399224d5e398d03b22badca40a37ac85412a1",
        "type": "github"
      },
      "original": {
        "owner": "edolstra",
        "repo": "flake-compat",
        "type": "github"
      }
    },
    "flake-compat_2": {
      "flake": false,
      "locked": {
        "lastModified": 1673956053,
        "narHash": "sha256-4gtG9iQuiKITOjNQQeQIpoIB6b16fm+504Ch3sNKLd8=",
        "owner": "edolstra",
        "repo": "flake-compat",
        "rev": "35bb57c0c8d8b62bbfd284272c928ceb64ddbde9",
        "type": "github"
      },
      "original": {
        "owner": "edolstra",
        "repo": "flake-compat",
        "type": "github"
      }
    },
    "flake-utils": {
      "inputs": {
        "systems": "systems"
      },
      "locked": {
        "lastModified": 1694529238,
        "narHash": "sha256-zsNZZGTGnMOf9YpHKJqMSsa0dXbfmxeoJ7xHlrt+xmY=",
        "owner": "numtide",
        "repo": "flake-utils",
        "rev": "ff7b65b44d01cf9ba6a71320833626af21126384",
        "type": "github"
      },
      "original": {
        "owner": "numtide",
        "repo": "flake-utils",
        "type": "github"
      }
    },
    "flake-utils_10": {
      "inputs": {
        "systems": "systems_11"
      },
      "locked": {
        "lastModified": 1694529238,
        "narHash": "sha256-zsNZZGTGnMOf9YpHKJqMSsa0dXbfmxeoJ7xHlrt+xmY=",
        "owner": "numtide",
        "repo": "flake-utils",
        "rev": "ff7b65b44d01cf9ba6a71320833626af21126384",
        "type": "github"
      },
      "original": {
        "owner": "numtide",
        "repo": "flake-utils",
        "type": "github"
      }
    },
    "flake-utils_2": {
      "inputs": {
        "systems": "systems_2"
      },
      "locked": {
        "lastModified": 1694529238,
        "narHash": "sha256-zsNZZGTGnMOf9YpHKJqMSsa0dXbfmxeoJ7xHlrt+xmY=",
        "owner": "numtide",
        "repo": "flake-utils",
        "rev": "ff7b65b44d01cf9ba6a71320833626af21126384",
        "type": "github"
      },
      "original": {
        "id": "flake-utils",
        "type": "indirect"
      }
    },
    "flake-utils_3": {
      "inputs": {
        "systems": "systems_3"
      },
      "locked": {
        "lastModified": 1692799911,
        "narHash": "sha256-3eihraek4qL744EvQXsK1Ha6C3CR7nnT8X2qWap4RNk=",
        "owner": "numtide",
        "repo": "flake-utils",
        "rev": "f9e7cf818399d17d347f847525c5a5a8032e4e44",
        "type": "github"
      },
      "original": {
        "owner": "numtide",
        "repo": "flake-utils",
        "type": "github"
      }
    },
    "flake-utils_4": {
      "inputs": {
        "systems": "systems_4"
      },
      "locked": {
        "lastModified": 1692799911,
        "narHash": "sha256-3eihraek4qL744EvQXsK1Ha6C3CR7nnT8X2qWap4RNk=",
        "owner": "numtide",
        "repo": "flake-utils",
        "rev": "f9e7cf818399d17d347f847525c5a5a8032e4e44",
        "type": "github"
      },
      "original": {
        "owner": "numtide",
        "repo": "flake-utils",
        "type": "github"
      }
    },
    "flake-utils_5": {
      "inputs": {
        "systems": "systems_6"
      },
      "locked": {
        "lastModified": 1692799911,
        "narHash": "sha256-3eihraek4qL744EvQXsK1Ha6C3CR7nnT8X2qWap4RNk=",
        "owner": "numtide",
        "repo": "flake-utils",
        "rev": "f9e7cf818399d17d347f847525c5a5a8032e4e44",
        "type": "github"
      },
      "original": {
        "owner": "numtide",
        "repo": "flake-utils",
        "type": "github"
      }
    },
    "flake-utils_6": {
      "inputs": {
        "systems": "systems_7"
      },
      "locked": {
        "lastModified": 1692799911,
        "narHash": "sha256-3eihraek4qL744EvQXsK1Ha6C3CR7nnT8X2qWap4RNk=",
        "owner": "numtide",
        "repo": "flake-utils",
        "rev": "f9e7cf818399d17d347f847525c5a5a8032e4e44",
        "type": "github"
      },
      "original": {
        "owner": "numtide",
        "repo": "flake-utils",
        "type": "github"
      }
    },
    "flake-utils_7": {
      "inputs": {
        "systems": "systems_8"
      },
      "locked": {
        "lastModified": 1694529238,
        "narHash": "sha256-zsNZZGTGnMOf9YpHKJqMSsa0dXbfmxeoJ7xHlrt+xmY=",
        "owner": "numtide",
        "repo": "flake-utils",
        "rev": "ff7b65b44d01cf9ba6a71320833626af21126384",
        "type": "github"
      },
      "original": {
        "owner": "numtide",
        "repo": "flake-utils",
        "type": "github"
      }
    },
    "flake-utils_8": {
      "inputs": {
        "systems": "systems_9"
      },
      "locked": {
        "lastModified": 1694529238,
        "narHash": "sha256-zsNZZGTGnMOf9YpHKJqMSsa0dXbfmxeoJ7xHlrt+xmY=",
        "owner": "numtide",
        "repo": "flake-utils",
        "rev": "ff7b65b44d01cf9ba6a71320833626af21126384",
        "type": "github"
      },
      "original": {
        "owner": "numtide",
        "repo": "flake-utils",
        "type": "github"
      }
    },
    "flake-utils_9": {
      "inputs": {
        "systems": "systems_10"
      },
      "locked": {
        "lastModified": 1694529238,
        "narHash": "sha256-zsNZZGTGnMOf9YpHKJqMSsa0dXbfmxeoJ7xHlrt+xmY=",
        "owner": "numtide",
        "repo": "flake-utils",
        "rev": "ff7b65b44d01cf9ba6a71320833626af21126384",
        "type": "github"
      },
      "original": {
        "owner": "numtide",
        "repo": "flake-utils",
        "type": "github"
      }
    },
    "git-configs": {
      "inputs": {
        "flake-utils": "flake-utils_3",
        "nixpkgs": "nixpkgs_3",
        "vim-flake": "vim-flake"
      },
      "locked": {
        "dir": "git",
        "lastModified": 1694570009,
        "narHash": "sha256-/llfi3qDcxJbuyUm3/+5k8tUKf90ndnQHBjX6hhTaZw=",
        "owner": "heywoodlh",
        "repo": "flakes",
        "rev": "282d38393cceb0a877e3173df7ae7e72903dee07",
        "type": "github"
      },
      "original": {
        "dir": "git",
        "owner": "heywoodlh",
        "ref": "main",
        "repo": "flakes",
        "type": "github"
      }
    },
    "home-manager": {
      "inputs": {
        "nixpkgs": [
          "nixos-configs",
          "nixpkgs"
        ]
      },
      "locked": {
        "lastModified": 1694465129,
        "narHash": "sha256-8BQiuobMrCfCbGM7w6Snx+OBYdtTIm0+cGVaKwQ5BFg=",
        "owner": "nix-community",
        "repo": "home-manager",
        "rev": "9787dffff5d315c9593d3f9fb0f9bf2097e1b57b",
        "type": "github"
      },
      "original": {
        "owner": "nix-community",
        "ref": "release-23.05",
        "repo": "home-manager",
        "type": "github"
      }
    },
    "hyprland": {
      "inputs": {
        "hyprland-protocols": "hyprland-protocols",
        "nixpkgs": "nixpkgs_5",
        "systems": "systems_5",
        "wlroots": "wlroots",
        "xdph": "xdph"
      },
      "locked": {
        "lastModified": 1694554628,
        "narHash": "sha256-ZqTV9cyrlGWLPl/fEEN1iaQ6ioSSTOiMCshgIpRSfuM=",
        "owner": "hyprwm",
        "repo": "Hyprland",
        "rev": "b0d5e4008b96f2cdbb6f6c2449c790d921d1546b",
        "type": "github"
      },
      "original": {
        "owner": "hyprwm",
        "ref": "main",
        "repo": "Hyprland",
        "type": "github"
      }
    },
    "hyprland-protocols": {
      "inputs": {
        "nixpkgs": [
          "nixos-configs",
          "hyprland",
          "nixpkgs"
        ],
        "systems": [
          "nixos-configs",
          "hyprland",
          "systems"
        ]
      },
      "locked": {
        "lastModified": 1691753796,
        "narHash": "sha256-zOEwiWoXk3j3+EoF3ySUJmberFewWlagvewDRuWYAso=",
        "owner": "hyprwm",
        "repo": "hyprland-protocols",
        "rev": "0c2ce70625cb30aef199cb388f99e19a61a6ce03",
        "type": "github"
      },
      "original": {
        "owner": "hyprwm",
        "repo": "hyprland-protocols",
        "type": "github"
      }
    },
    "jovian-nixos": {
      "flake": false,
      "locked": {
        "lastModified": 1693592878,
        "narHash": "sha256-pPTf8gjZwivBicb/DPY3YwbkCROVt2qftqQONb1xC2M=",
        "ref": "development",
        "rev": "d31a25e74b1bb7df342c0a53eeac4d4f91ea22b1",
        "revCount": 332,
        "type": "git",
        "url": "https://github.com/Jovian-Experiments/Jovian-NixOS"
      },
      "original": {
        "ref": "development",
        "type": "git",
        "url": "https://github.com/Jovian-Experiments/Jovian-NixOS"
      }
    },
    "nixos-configs": {
      "inputs": {
        "darwin": "darwin",
        "fish-configs": "fish-configs",
        "flake-utils": "flake-utils_2",
        "git-configs": "git-configs",
        "home-manager": "home-manager",
        "hyprland": "hyprland",
        "jovian-nixos": "jovian-nixos",
        "nixos-hardware": "nixos-hardware",
        "nixos-wsl": "nixos-wsl",
        "nixpkgs": "nixpkgs_7",
        "nixpkgs-backports": "nixpkgs-backports",
        "nixpkgs-unstable": "nixpkgs-unstable",
        "nur": "nur",
        "spicetify": "spicetify",
        "vim-configs": "vim-configs",
        "wezterm-configs": "wezterm-configs"
      },
      "locked": {
        "lastModified": 1694644154,
        "narHash": "sha256-s7QHhTzMTCA9ycKdlOcZeeuftZJSdXHNy5R+W4LQU2o=",
        "owner": "heywoodlh",
        "repo": "nixos-configs",
        "rev": "539550edc88dce5f30eb93ae1a3ea6d428effcb3",
        "type": "github"
      },
      "original": {
        "owner": "heywoodlh",
        "ref": "master",
        "repo": "nixos-configs",
        "type": "github"
      }
    },
    "nixos-hardware": {
      "locked": {
        "lastModified": 1694432324,
        "narHash": "sha256-bo3Gv6Cp40vAXDBPi2XiDejzp/kyz65wZg4AnEWxAcY=",
        "owner": "NixOS",
        "repo": "nixos-hardware",
        "rev": "ca41b8a227dd235b1b308217f116c7e6e84ad779",
        "type": "github"
      },
      "original": {
        "owner": "NixOS",
        "ref": "master",
        "repo": "nixos-hardware",
        "type": "github"
      }
    },
    "nixos-wsl": {
      "inputs": {
        "flake-compat": "flake-compat_2",
        "flake-utils": "flake-utils_5",
        "nixpkgs": "nixpkgs_6"
      },
      "locked": {
        "lastModified": 1694522206,
        "narHash": "sha256-mb34WlyHi/whE6gIMEtXKfGRALzvB6/U7CYdUnJKN+c=",
        "owner": "nix-community",
        "repo": "NixOS-WSL",
        "rev": "e7d93d0f478b6fbb47c00d03449dc3d08b90abb7",
        "type": "github"
      },
      "original": {
        "owner": "nix-community",
        "repo": "NixOS-WSL",
        "type": "github"
      }
    },
    "nixpkgs": {
      "locked": {
        "lastModified": 1671417167,
        "narHash": "sha256-JkHam6WQOwZN1t2C2sbp1TqMv3TVRjzrdoejqfefwrM=",
        "owner": "NixOS",
        "repo": "nixpkgs",
        "rev": "bb31220cca6d044baa6dc2715b07497a2a7c4bc7",
        "type": "github"
      },
      "original": {
        "owner": "NixOS",
        "ref": "nixpkgs-unstable",
        "repo": "nixpkgs",
        "type": "github"
      }
    },
    "nixpkgs-backports": {
      "locked": {
        "lastModified": 1694561237,
        "narHash": "sha256-PkzDXGtJwYcgJTlGlTSTQ5i5EBCCd3B2K46EXT7sjVY=",
        "owner": "nixos",
        "repo": "nixpkgs",
        "rev": "97b8d3eeb052824f240c19632824b5260a0e705a",
        "type": "github"
      },
      "original": {
        "owner": "nixos",
        "ref": "release-23.05",
        "repo": "nixpkgs",
        "type": "github"
      }
    },
    "nixpkgs-unstable": {
      "locked": {
        "lastModified": 1694422566,
        "narHash": "sha256-lHJ+A9esOz9vln/3CJG23FV6Wd2OoOFbDeEs4cMGMqc=",
        "owner": "nixos",
        "repo": "nixpkgs",
        "rev": "3a2786eea085f040a66ecde1bc3ddc7099f6dbeb",
        "type": "github"
      },
      "original": {
        "owner": "nixos",
        "ref": "nixos-unstable",
        "repo": "nixpkgs",
        "type": "github"
      }
    },
    "nixpkgs_10": {
      "locked": {
        "lastModified": 1694501121,
        "narHash": "sha256-uj7YWhs7FTv1slqb9Sj1+Q0dYtwQDC4URfOXB9XWKjs=",
        "owner": "NixOS",
        "repo": "nixpkgs",
        "rev": "1ee50a29288f768c55211963be8040671814986d",
        "type": "github"
      },
      "original": {
        "id": "nixpkgs",
        "type": "indirect"
      }
    },
    "nixpkgs_11": {
      "locked": {
        "lastModified": 1694501121,
        "narHash": "sha256-uj7YWhs7FTv1slqb9Sj1+Q0dYtwQDC4URfOXB9XWKjs=",
        "owner": "NixOS",
        "repo": "nixpkgs",
        "rev": "1ee50a29288f768c55211963be8040671814986d",
        "type": "github"
      },
      "original": {
        "id": "nixpkgs",
        "type": "indirect"
      }
    },
    "nixpkgs_12": {
      "locked": {
        "lastModified": 1694501121,
        "narHash": "sha256-uj7YWhs7FTv1slqb9Sj1+Q0dYtwQDC4URfOXB9XWKjs=",
        "owner": "NixOS",
        "repo": "nixpkgs",
        "rev": "1ee50a29288f768c55211963be8040671814986d",
        "type": "github"
      },
      "original": {
        "id": "nixpkgs",
        "type": "indirect"
      }
    },
    "nixpkgs_13": {
      "locked": {
        "lastModified": 1694593561,
        "narHash": "sha256-WSaIQZ5s9N9bDFkEMTw6P9eaZ9bv39ZhsiW12GtTNM0=",
        "owner": "NixOS",
        "repo": "nixpkgs",
        "rev": "1697b7d480449b01111e352021f46e5879e47643",
        "type": "github"
      },
      "original": {
        "id": "nixpkgs",
        "type": "indirect"
      }
    },
    "nixpkgs_2": {
      "locked": {
        "lastModified": 1694501121,
        "narHash": "sha256-uj7YWhs7FTv1slqb9Sj1+Q0dYtwQDC4URfOXB9XWKjs=",
        "owner": "NixOS",
        "repo": "nixpkgs",
        "rev": "1ee50a29288f768c55211963be8040671814986d",
        "type": "github"
      },
      "original": {
        "id": "nixpkgs",
        "type": "indirect"
      }
    },
    "nixpkgs_3": {
      "locked": {
        "lastModified": 1693844670,
        "narHash": "sha256-t69F2nBB8DNQUWHD809oJZJVE+23XBrth4QZuVd6IE0=",
        "owner": "NixOS",
        "repo": "nixpkgs",
        "rev": "3c15feef7770eb5500a4b8792623e2d6f598c9c1",
        "type": "github"
      },
      "original": {
        "id": "nixpkgs",
        "type": "indirect"
      }
    },
    "nixpkgs_4": {
      "locked": {
        "lastModified": 1692742407,
        "narHash": "sha256-faLzZ2u3Wki8h9ykEfzQr19B464eyADP3Ux7A/vjKIY=",
        "owner": "NixOS",
        "repo": "nixpkgs",
        "rev": "a2eca347ae1e542af3f818274c38305c1e00604c",
        "type": "github"
      },
      "original": {
        "id": "nixpkgs",
        "type": "indirect"
      }
    },
    "nixpkgs_5": {
      "locked": {
        "lastModified": 1693844670,
        "narHash": "sha256-t69F2nBB8DNQUWHD809oJZJVE+23XBrth4QZuVd6IE0=",
        "owner": "NixOS",
        "repo": "nixpkgs",
        "rev": "3c15feef7770eb5500a4b8792623e2d6f598c9c1",
        "type": "github"
      },
      "original": {
        "owner": "NixOS",
        "ref": "nixos-unstable",
        "repo": "nixpkgs",
        "type": "github"
      }
    },
    "nixpkgs_6": {
      "locked": {
        "lastModified": 1694048570,
        "narHash": "sha256-PEQptwFCVaJ+jLFJgrZll2shQ9VI/7xVhrCYkJo8iIw=",
        "owner": "NixOS",
        "repo": "nixpkgs",
        "rev": "4f77ea639305f1de0a14d9d41eef83313360638c",
        "type": "github"
      },
      "original": {
        "owner": "NixOS",
        "ref": "nixos-23.05",
        "repo": "nixpkgs",
        "type": "github"
      }
    },
    "nixpkgs_7": {
      "locked": {
        "lastModified": 1694499547,
        "narHash": "sha256-R7xMz1Iia6JthWRHDn36s/E248WB1/je62ovC/dUVKI=",
        "owner": "nixos",
        "repo": "nixpkgs",
        "rev": "e5f018cf150e29aac26c61dac0790ea023c46b24",
        "type": "github"
      },
      "original": {
        "owner": "nixos",
        "ref": "nixos-23.05",
        "repo": "nixpkgs",
        "type": "github"
      }
    },
    "nixpkgs_8": {
      "locked": {
        "lastModified": 1691155369,
        "narHash": "sha256-CIuJO5pgwCMsZM8flIU2OiZ79QfDCesXPsAiokCzlNM=",
        "owner": "NixOS",
        "repo": "nixpkgs",
        "rev": "7d050b98e51cdbdd88ad960152d398d41c7ff5b4",
        "type": "github"
      },
      "original": {
        "id": "nixpkgs",
        "ref": "nixpkgs-unstable",
        "type": "indirect"
      }
    },
    "nixpkgs_9": {
      "locked": {
        "lastModified": 1694501121,
        "narHash": "sha256-uj7YWhs7FTv1slqb9Sj1+Q0dYtwQDC4URfOXB9XWKjs=",
        "owner": "NixOS",
        "repo": "nixpkgs",
        "rev": "1ee50a29288f768c55211963be8040671814986d",
        "type": "github"
      },
      "original": {
        "id": "nixpkgs",
        "type": "indirect"
      }
    },
    "nur": {
      "locked": {
        "lastModified": 1694569097,
        "narHash": "sha256-fyf0U6fxMqUhe+Nfi5XTGRGGBlBq9aA/3tgLQ10ZfHA=",
        "owner": "nix-community",
        "repo": "NUR",
        "rev": "f67183040aaf100e2673a66c130f8324b3093733",
        "type": "github"
      },
      "original": {
        "owner": "nix-community",
        "repo": "NUR",
        "type": "github"
      }
    },
    "root": {
      "inputs": {
        "deploy-rs": "deploy-rs",
        "nixos-configs": "nixos-configs",
        "nixpkgs": "nixpkgs_13"
      }
    },
    "spicetify": {
      "inputs": {
        "flake-utils": "flake-utils_6",
        "nixpkgs": "nixpkgs_8",
        "spicetify-themes": "spicetify-themes",
        "spicetify-themes-alindl": "spicetify-themes-alindl"
      },
      "locked": {
        "lastModified": 1694188096,
        "narHash": "sha256-EXfJhxdsxnoxuvv1dhPrOafLH5V7Cab6zq+CPoFbBow=",
        "owner": "kylesferrazza",
        "repo": "spicetify-nix",
        "rev": "9d4c3e38e822db89e98b40340ce70b368d437d1d",
        "type": "gitlab"
      },
      "original": {
        "owner": "kylesferrazza",
        "repo": "spicetify-nix",
        "type": "gitlab"
      }
    },
    "spicetify-themes": {
      "flake": false,
      "locked": {
        "lastModified": 1692252940,
        "narHash": "sha256-fnUINAgBCaklVDR2JsyvnN0ekBJ/sOnUNnKStug2txs=",
        "owner": "spicetify",
        "repo": "spicetify-themes",
        "rev": "7e9e898124c96f115dc61fb91d0499ae81f56892",
        "type": "github"
      },
      "original": {
        "owner": "spicetify",
        "repo": "spicetify-themes",
        "type": "github"
      }
    },
    "spicetify-themes-alindl": {
      "flake": false,
      "locked": {
        "lastModified": 1631272361,
        "narHash": "sha256-nCKERq40oLhYx+FP29Uxpf8v3GIIGyIhYNQNsT6gHmg=",
        "owner": "alindl",
        "repo": "spicetify-themes",
        "rev": "0708f73e83d29004d284ef20b8ac66206ec14911",
        "type": "github"
      },
      "original": {
        "owner": "alindl",
        "repo": "spicetify-themes",
        "type": "github"
      }
    },
    "systems": {
      "locked": {
        "lastModified": 1681028828,
        "narHash": "sha256-Vy1rq5AaRuLzOxct8nz4T6wlgyUR7zLU309k9mBC768=",
        "owner": "nix-systems",
        "repo": "default",
        "rev": "da67096a3b9bf56a91d16901293e51ba5b49a27e",
        "type": "github"
      },
      "original": {
        "owner": "nix-systems",
        "repo": "default",
        "type": "github"
      }
    },
    "systems_10": {
      "locked": {
        "lastModified": 1681028828,
        "narHash": "sha256-Vy1rq5AaRuLzOxct8nz4T6wlgyUR7zLU309k9mBC768=",
        "owner": "nix-systems",
        "repo": "default",
        "rev": "da67096a3b9bf56a91d16901293e51ba5b49a27e",
        "type": "github"
      },
      "original": {
        "owner": "nix-systems",
        "repo": "default",
        "type": "github"
      }
    },
    "systems_11": {
      "locked": {
        "lastModified": 1681028828,
        "narHash": "sha256-Vy1rq5AaRuLzOxct8nz4T6wlgyUR7zLU309k9mBC768=",
        "owner": "nix-systems",
        "repo": "default",
        "rev": "da67096a3b9bf56a91d16901293e51ba5b49a27e",
        "type": "github"
      },
      "original": {
        "owner": "nix-systems",
        "repo": "default",
        "type": "github"
      }
    },
    "systems_2": {
      "locked": {
        "lastModified": 1681028828,
        "narHash": "sha256-Vy1rq5AaRuLzOxct8nz4T6wlgyUR7zLU309k9mBC768=",
        "owner": "nix-systems",
        "repo": "default",
        "rev": "da67096a3b9bf56a91d16901293e51ba5b49a27e",
        "type": "github"
      },
      "original": {
        "owner": "nix-systems",
        "repo": "default",
        "type": "github"
      }
    },
    "systems_3": {
      "locked": {
        "lastModified": 1681028828,
        "narHash": "sha256-Vy1rq5AaRuLzOxct8nz4T6wlgyUR7zLU309k9mBC768=",
        "owner": "nix-systems",
        "repo": "default",
        "rev": "da67096a3b9bf56a91d16901293e51ba5b49a27e",
        "type": "github"
      },
      "original": {
        "owner": "nix-systems",
        "repo": "default",
        "type": "github"
      }
    },
    "systems_4": {
      "locked": {
        "lastModified": 1681028828,
        "narHash": "sha256-Vy1rq5AaRuLzOxct8nz4T6wlgyUR7zLU309k9mBC768=",
        "owner": "nix-systems",
        "repo": "default",
        "rev": "da67096a3b9bf56a91d16901293e51ba5b49a27e",
        "type": "github"
      },
      "original": {
        "owner": "nix-systems",
        "repo": "default",
        "type": "github"
      }
    },
    "systems_5": {
      "locked": {
        "lastModified": 1689347949,
        "narHash": "sha256-12tWmuL2zgBgZkdoB6qXZsgJEH9LR3oUgpaQq2RbI80=",
        "owner": "nix-systems",
        "repo": "default-linux",
        "rev": "31732fcf5e8fea42e59c2488ad31a0e651500f68",
        "type": "github"
      },
      "original": {
        "owner": "nix-systems",
        "repo": "default-linux",
        "type": "github"
      }
    },
    "systems_6": {
      "locked": {
        "lastModified": 1681028828,
        "narHash": "sha256-Vy1rq5AaRuLzOxct8nz4T6wlgyUR7zLU309k9mBC768=",
        "owner": "nix-systems",
        "repo": "default",
        "rev": "da67096a3b9bf56a91d16901293e51ba5b49a27e",
        "type": "github"
      },
      "original": {
        "owner": "nix-systems",
        "repo": "default",
        "type": "github"
      }
    },
    "systems_7": {
      "locked": {
        "lastModified": 1681028828,
        "narHash": "sha256-Vy1rq5AaRuLzOxct8nz4T6wlgyUR7zLU309k9mBC768=",
        "owner": "nix-systems",
        "repo": "default",
        "rev": "da67096a3b9bf56a91d16901293e51ba5b49a27e",
        "type": "github"
      },
      "original": {
        "owner": "nix-systems",
        "repo": "default",
        "type": "github"
      }
    },
    "systems_8": {
      "locked": {
        "lastModified": 1681028828,
        "narHash": "sha256-Vy1rq5AaRuLzOxct8nz4T6wlgyUR7zLU309k9mBC768=",
        "owner": "nix-systems",
        "repo": "default",
        "rev": "da67096a3b9bf56a91d16901293e51ba5b49a27e",
        "type": "github"
      },
      "original": {
        "owner": "nix-systems",
        "repo": "default",
        "type": "github"
      }
    },
    "systems_9": {
      "locked": {
        "lastModified": 1681028828,
        "narHash": "sha256-Vy1rq5AaRuLzOxct8nz4T6wlgyUR7zLU309k9mBC768=",
        "owner": "nix-systems",
        "repo": "default",
        "rev": "da67096a3b9bf56a91d16901293e51ba5b49a27e",
        "type": "github"
      },
      "original": {
        "owner": "nix-systems",
        "repo": "default",
        "type": "github"
      }
    },
    "utils": {
      "locked": {
        "lastModified": 1667395993,
        "narHash": "sha256-nuEHfE/LcWyuSWnS8t12N1wc105Qtau+/OdUAjtQ0rA=",
        "owner": "numtide",
        "repo": "flake-utils",
        "rev": "5aed5285a952e0b949eb3ba02c12fa4fcfef535f",
        "type": "github"
      },
      "original": {
        "owner": "numtide",
        "repo": "flake-utils",
        "type": "github"
      }
    },
    "vim-configs": {
      "inputs": {
        "fish-configs": "fish-configs_2",
        "flake-utils": "flake-utils_8",
        "nixpkgs": "nixpkgs_10"
      },
      "locked": {
        "dir": "vim",
        "lastModified": 1694570009,
        "narHash": "sha256-/llfi3qDcxJbuyUm3/+5k8tUKf90ndnQHBjX6hhTaZw=",
        "owner": "heywoodlh",
        "repo": "flakes",
        "rev": "282d38393cceb0a877e3173df7ae7e72903dee07",
        "type": "github"
      },
      "original": {
        "dir": "vim",
        "owner": "heywoodlh",
        "ref": "main",
        "repo": "flakes",
        "type": "github"
      }
    },
    "vim-flake": {
      "inputs": {
        "flake-utils": "flake-utils_4",
        "nixpkgs": "nixpkgs_4"
      },
      "locked": {
        "dir": "vim",
        "lastModified": 1694045604,
        "narHash": "sha256-PtoBcMNmPXi/LkvUBDXk1O7/EYsrmNU7sHcanm3idkg=",
        "owner": "heywoodlh",
        "repo": "flakes",
        "rev": "fe87629ec49a73973c0fe8852dbad3143bc9b656",
        "type": "github"
      },
      "original": {
        "dir": "vim",
        "owner": "heywoodlh",
        "repo": "flakes",
        "type": "github"
      }
    },
    "wezterm-configs": {
      "inputs": {
        "fish-configs": "fish-configs_3",
        "flake-utils": "flake-utils_10",
        "nixpkgs": "nixpkgs_12"
      },
      "locked": {
        "dir": "wezterm",
        "lastModified": 1694570009,
        "narHash": "sha256-/llfi3qDcxJbuyUm3/+5k8tUKf90ndnQHBjX6hhTaZw=",
        "owner": "heywoodlh",
        "repo": "flakes",
        "rev": "282d38393cceb0a877e3173df7ae7e72903dee07",
        "type": "github"
      },
      "original": {
        "dir": "wezterm",
        "owner": "heywoodlh",
        "ref": "main",
        "repo": "flakes",
        "type": "github"
      }
    },
    "wlroots": {
      "flake": false,
      "locked": {
        "host": "gitlab.freedesktop.org",
        "lastModified": 1694302348,
        "narHash": "sha256-S9NOc88L/1jpNKJqBu2Hihvn0V1HHCK2hXE4bNBAStg=",
        "owner": "wlroots",
        "repo": "wlroots",
        "rev": "65bbbbbf0c3d6844cee3c4e294d0ba07e1f82211",
        "type": "gitlab"
      },
      "original": {
        "host": "gitlab.freedesktop.org",
        "owner": "wlroots",
        "repo": "wlroots",
        "rev": "65bbbbbf0c3d6844cee3c4e294d0ba07e1f82211",
        "type": "gitlab"
      }
    },
    "xdph": {
      "inputs": {
        "hyprland-protocols": [
          "nixos-configs",
          "hyprland",
          "hyprland-protocols"
        ],
        "nixpkgs": [
          "nixos-configs",
          "hyprland",
          "nixpkgs"
        ],
        "systems": [
          "nixos-configs",
          "hyprland",
          "systems"
        ]
      },
      "locked": {
        "lastModified": 1694025408,
        "narHash": "sha256-oJNhGfZH8Z2w3ztXdzsYVg32//cWEcPVDM3+tp/ZVfU=",
        "owner": "hyprwm",
        "repo": "xdg-desktop-portal-hyprland",
        "rev": "022469529c8bc95acf222dc5a62389b04c8b1205",
        "type": "github"
      },
      "original": {
        "owner": "hyprwm",
        "repo": "xdg-desktop-portal-hyprland",
        "type": "github"
      }
    }
  },
  "root": "root",
  "version": 7
}
